
Microsoft Visual Studio Solution File, Format Version 12.00
# Visual Studio Version 17
VisualStudioVersion = 17.0.31903.59
MinimumVisualStudioVersion = 10.0.40219.1
Project("{2150E333-8FDC-42A3-9474-1A3956D46DE8}") = "src", "src", "{119F08F1-38DE-426D-B787-A24890409F3B}"
EndProject
Project("{FAE04EC0-301F-11D3-BF4B-00C04F79EFBC}") = "Common.Config", "src\Common.Config\Common.Config.csproj", "{11F2E80D-8BB2-41B6-A1B2-0829B7F8E55C}"
EndProject
Project("{FAE04EC0-301F-11D3-BF4B-00C04F79EFBC}") = "Common.Auth", "src\Common.Auth\Common.Auth.csproj", "{9410F47E-F29C-4947-9649-F5F5B832BE28}"
EndProject
Project("{FAE04EC0-301F-11D3-BF4B-00C04F79EFBC}") = "Common.Cache", "src\Common.Cache\Common.Cache.csproj", "{CE12DA47-9B1B-43F8-AED6-9965AD43C9AB}"
EndProject
Project("{FAE04EC0-301F-11D3-BF4B-00C04F79EFBC}") = "Common.DocDb", "src\Common.DocDb\Common.DocDb.csproj", "{B53E043B-E600-43C2-AC16-2AF9CB9FDD9A}"
EndProject
Project("{FAE04EC0-301F-11D3-BF4B-00C04F79EFBC}") = "Common.Hosts", "src\Common.Hosts\Common.Hosts.csproj", "{00B75316-31C8-4D89-9AAB-FEF765B059FD}"
EndProject
Project("{FAE04EC0-301F-11D3-BF4B-00C04F79EFBC}") = "Common.KeyVault", "src\Common.KeyVault\Common.KeyVault.csproj", "{689102C9-FB0B-459F-9620-9A482040C0FB}"
EndProject
Project("{FAE04EC0-301F-11D3-BF4B-00C04F79EFBC}") = "Common.Config.Tests", "src\Common.Config.Tests\Common.Config.Tests.csproj", "{A1AA2BC2-AFFE-453F-A54F-0C5D23DA0D2A}"
EndProject
Project("{FAE04EC0-301F-11D3-BF4B-00C04F79EFBC}") = "Common.KeyVault.Tests", "src\Common.KeyVault.Tests\Common.KeyVault.Tests.csproj", "{2894E445-1EAF-4FC6-B4A8-B05ADA01DB03}"
EndProject
Project("{FAE04EC0-301F-11D3-BF4B-00C04F79EFBC}") = "Common.Kusto", "src\Common.Kusto\Common.Kusto.csproj", "{7F0D711F-AF57-440A-8CF3-00F1D69D1DFE}"
EndProject
Project("{FAE04EC0-301F-11D3-BF4B-00C04F79EFBC}") = "Common.Monitoring", "src\Common.Monitoring\Common.Monitoring.csproj", "{79FC0705-EC4F-4606-B9B8-F5ACCE3F2048}"
EndProject
Project("{FAE04EC0-301F-11D3-BF4B-00C04F79EFBC}") = "Common.Monitoring.Tests", "src\Common.Monitoring.Tests\Common.Monitoring.Tests.csproj", "{2DEAC074-02B5-4A26-AE0E-32B6CCA73F83}"
EndProject
Project("{FAE04EC0-301F-11D3-BF4B-00C04F79EFBC}") = "Common.Settings", "src\Common.Settings\Common.Settings.csproj", "{7EE87671-E419-4F09-AA88-77BDB08A8F3C}"
EndProject
Project("{FAE04EC0-301F-11D3-BF4B-00C04F79EFBC}") = "Common.Shared", "src\Common.Shared\Common.Shared.csproj", "{324622CA-82D9-41DD-A191-177C4B81B503}"
EndProject
Project("{FAE04EC0-301F-11D3-BF4B-00C04F79EFBC}") = "Common.Storage", "src\Common.Storage\Common.Storage.csproj", "{790472AB-4C77-4ADD-A71D-1104AD6B9C1A}"
EndProject
Project("{2150E333-8FDC-42A3-9474-1A3956D46DE8}") = ".build", ".build", "{0AF14E57-2595-46E9-8D81-3819D9BCE7A6}"
	ProjectSection(SolutionItems) = preProject
		.editorconfig = .editorconfig
		Directory.Build.props = Directory.Build.props
		Directory.Build.targets = Directory.Build.targets
		global.json = global.json
		NuGet.config = NuGet.config
		Packages.props = Packages.props
		stylecop.ruleset = stylecop.ruleset
		version.json = version.json
		Makefile = Makefile
	EndProjectSection
EndProject
Project("{2150E333-8FDC-42A3-9474-1A3956D46DE8}") = ".github", ".github", "{84E50BA3-181F-4614-80C7-50647A02D279}"
	ProjectSection(SolutionItems) = preProject
		.github\PULL_REQUEST_TEMPLATE.md = .github\PULL_REQUEST_TEMPLATE.md
	EndProjectSection
EndProject
Project("{2150E333-8FDC-42A3-9474-1A3956D46DE8}") = "workflows", "workflows", "{F2ADF825-B79C-4623-9850-B0F143E68C8D}"
	ProjectSection(SolutionItems) = preProject
		.github\workflows\build.yml = .github\workflows\build.yml
	EndProjectSection
EndProject
Project("{FAE04EC0-301F-11D3-BF4B-00C04F79EFBC}") = "Common.Storage.Tests", "src\Common.Storage.Tests\Common.Storage.Tests.csproj", "{00AE5CA5-6040-46FC-A861-49AABC2E8E2E}"
EndProject
Global
	GlobalSection(SolutionConfigurationPlatforms) = preSolution
		Debug|Any CPU = Debug|Any CPU
		Release|Any CPU = Release|Any CPU
	EndGlobalSection
	GlobalSection(SolutionProperties) = preSolution
		HideSolutionNode = FALSE
	EndGlobalSection
	GlobalSection(NestedProjects) = preSolution
		{11F2E80D-8BB2-41B6-A1B2-0829B7F8E55C} = {119F08F1-38DE-426D-B787-A24890409F3B}
		{9410F47E-F29C-4947-9649-F5F5B832BE28} = {119F08F1-38DE-426D-B787-A24890409F3B}
		{CE12DA47-9B1B-43F8-AED6-9965AD43C9AB} = {119F08F1-38DE-426D-B787-A24890409F3B}
		{B53E043B-E600-43C2-AC16-2AF9CB9FDD9A} = {119F08F1-38DE-426D-B787-A24890409F3B}
		{00B75316-31C8-4D89-9AAB-FEF765B059FD} = {119F08F1-38DE-426D-B787-A24890409F3B}
		{689102C9-FB0B-459F-9620-9A482040C0FB} = {119F08F1-38DE-426D-B787-A24890409F3B}
		{A1AA2BC2-AFFE-453F-A54F-0C5D23DA0D2A} = {119F08F1-38DE-426D-B787-A24890409F3B}
		{2894E445-1EAF-4FC6-B4A8-B05ADA01DB03} = {119F08F1-38DE-426D-B787-A24890409F3B}
		{7F0D711F-AF57-440A-8CF3-00F1D69D1DFE} = {119F08F1-38DE-426D-B787-A24890409F3B}
		{79FC0705-EC4F-4606-B9B8-F5ACCE3F2048} = {119F08F1-38DE-426D-B787-A24890409F3B}
		{2DEAC074-02B5-4A26-AE0E-32B6CCA73F83} = {119F08F1-38DE-426D-B787-A24890409F3B}
		{7EE87671-E419-4F09-AA88-77BDB08A8F3C} = {119F08F1-38DE-426D-B787-A24890409F3B}
		{324622CA-82D9-41DD-A191-177C4B81B503} = {119F08F1-38DE-426D-B787-A24890409F3B}
		{790472AB-4C77-4ADD-A71D-1104AD6B9C1A} = {119F08F1-38DE-426D-B787-A24890409F3B}
		{F2ADF825-B79C-4623-9850-B0F143E68C8D} = {84E50BA3-181F-4614-80C7-50647A02D279}
		{00AE5CA5-6040-46FC-A861-49AABC2E8E2E} = {119F08F1-38DE-426D-B787-A24890409F3B}
	EndGlobalSection
	GlobalSection(ProjectConfigurationPlatforms) = postSolution
		{11F2E80D-8BB2-41B6-A1B2-0829B7F8E55C}.Debug|Any CPU.ActiveCfg = Debug|Any CPU
		{11F2E80D-8BB2-41B6-A1B2-0829B7F8E55C}.Debug|Any CPU.Build.0 = Debug|Any CPU
		{11F2E80D-8BB2-41B6-A1B2-0829B7F8E55C}.Release|Any CPU.ActiveCfg = Release|Any CPU
		{11F2E80D-8BB2-41B6-A1B2-0829B7F8E55C}.Release|Any CPU.Build.0 = Release|Any CPU
		{9410F47E-F29C-4947-9649-F5F5B832BE28}.Debug|Any CPU.ActiveCfg = Debug|Any CPU
		{9410F47E-F29C-4947-9649-F5F5B832BE28}.Debug|Any CPU.Build.0 = Debug|Any CPU
		{9410F47E-F29C-4947-9649-F5F5B832BE28}.Release|Any CPU.ActiveCfg = Release|Any CPU
		{9410F47E-F29C-4947-9649-F5F5B832BE28}.Release|Any CPU.Build.0 = Release|Any CPU
		{CE12DA47-9B1B-43F8-AED6-9965AD43C9AB}.Debug|Any CPU.ActiveCfg = Debug|Any CPU
		{CE12DA47-9B1B-43F8-AED6-9965AD43C9AB}.Debug|Any CPU.Build.0 = Debug|Any CPU
		{CE12DA47-9B1B-43F8-AED6-9965AD43C9AB}.Release|Any CPU.ActiveCfg = Release|Any CPU
		{CE12DA47-9B1B-43F8-AED6-9965AD43C9AB}.Release|Any CPU.Build.0 = Release|Any CPU
		{B53E043B-E600-43C2-AC16-2AF9CB9FDD9A}.Debug|Any CPU.ActiveCfg = Debug|Any CPU
		{B53E043B-E600-43C2-AC16-2AF9CB9FDD9A}.Debug|Any CPU.Build.0 = Debug|Any CPU
		{B53E043B-E600-43C2-AC16-2AF9CB9FDD9A}.Release|Any CPU.ActiveCfg = Release|Any CPU
		{B53E043B-E600-43C2-AC16-2AF9CB9FDD9A}.Release|Any CPU.Build.0 = Release|Any CPU
		{00B75316-31C8-4D89-9AAB-FEF765B059FD}.Debug|Any CPU.ActiveCfg = Debug|Any CPU
		{00B75316-31C8-4D89-9AAB-FEF765B059FD}.Debug|Any CPU.Build.0 = Debug|Any CPU
		{00B75316-31C8-4D89-9AAB-FEF765B059FD}.Release|Any CPU.ActiveCfg = Release|Any CPU
		{00B75316-31C8-4D89-9AAB-FEF765B059FD}.Release|Any CPU.Build.0 = Release|Any CPU
		{689102C9-FB0B-459F-9620-9A482040C0FB}.Debug|Any CPU.ActiveCfg = Debug|Any CPU
		{689102C9-FB0B-459F-9620-9A482040C0FB}.Debug|Any CPU.Build.0 = Debug|Any CPU
		{689102C9-FB0B-459F-9620-9A482040C0FB}.Release|Any CPU.ActiveCfg = Release|Any CPU
		{689102C9-FB0B-459F-9620-9A482040C0FB}.Release|Any CPU.Build.0 = Release|Any CPU
		{A1AA2BC2-AFFE-453F-A54F-0C5D23DA0D2A}.Debug|Any CPU.ActiveCfg = Debug|Any CPU
		{A1AA2BC2-AFFE-453F-A54F-0C5D23DA0D2A}.Debug|Any CPU.Build.0 = Debug|Any CPU
		{A1AA2BC2-AFFE-453F-A54F-0C5D23DA0D2A}.Release|Any CPU.ActiveCfg = Release|Any CPU
		{A1AA2BC2-AFFE-453F-A54F-0C5D23DA0D2A}.Release|Any CPU.Build.0 = Release|Any CPU
		{2894E445-1EAF-4FC6-B4A8-B05ADA01DB03}.Debug|Any CPU.ActiveCfg = Debug|Any CPU
		{2894E445-1EAF-4FC6-B4A8-B05ADA01DB03}.Debug|Any CPU.Build.0 = Debug|Any CPU
		{2894E445-1EAF-4FC6-B4A8-B05ADA01DB03}.Release|Any CPU.ActiveCfg = Release|Any CPU
		{2894E445-1EAF-4FC6-B4A8-B05ADA01DB03}.Release|Any CPU.Build.0 = Release|Any CPU
		{7F0D711F-AF57-440A-8CF3-00F1D69D1DFE}.Debug|Any CPU.ActiveCfg = Debug|Any CPU
		{7F0D711F-AF57-440A-8CF3-00F1D69D1DFE}.Debug|Any CPU.Build.0 = Debug|Any CPU
		{7F0D711F-AF57-440A-8CF3-00F1D69D1DFE}.Release|Any CPU.ActiveCfg = Release|Any CPU
		{7F0D711F-AF57-440A-8CF3-00F1D69D1DFE}.Release|Any CPU.Build.0 = Release|Any CPU
		{79FC0705-EC4F-4606-B9B8-F5ACCE3F2048}.Debug|Any CPU.ActiveCfg = Debug|Any CPU
		{79FC0705-EC4F-4606-B9B8-F5ACCE3F2048}.Debug|Any CPU.Build.0 = Debug|Any CPU
		{79FC0705-EC4F-4606-B9B8-F5ACCE3F2048}.Release|Any CPU.ActiveCfg = Release|Any CPU
		{79FC0705-EC4F-4606-B9B8-F5ACCE3F2048}.Release|Any CPU.Build.0 = Release|Any CPU
		{2DEAC074-02B5-4A26-AE0E-32B6CCA73F83}.Debug|Any CPU.ActiveCfg = Debug|Any CPU
		{2DEAC074-02B5-4A26-AE0E-32B6CCA73F83}.Debug|Any CPU.Build.0 = Debug|Any CPU
		{2DEAC074-02B5-4A26-AE0E-32B6CCA73F83}.Release|Any CPU.ActiveCfg = Release|Any CPU
		{2DEAC074-02B5-4A26-AE0E-32B6CCA73F83}.Release|Any CPU.Build.0 = Release|Any CPU
		{7EE87671-E419-4F09-AA88-77BDB08A8F3C}.Debug|Any CPU.ActiveCfg = Debug|Any CPU
		{7EE87671-E419-4F09-AA88-77BDB08A8F3C}.Debug|Any CPU.Build.0 = Debug|Any CPU
		{7EE87671-E419-4F09-AA88-77BDB08A8F3C}.Release|Any CPU.ActiveCfg = Release|Any CPU
		{7EE87671-E419-4F09-AA88-77BDB08A8F3C}.Release|Any CPU.Build.0 = Release|Any CPU
		{324622CA-82D9-41DD-A191-177C4B81B503}.Debug|Any CPU.ActiveCfg = Debug|Any CPU
		{324622CA-82D9-41DD-A191-177C4B81B503}.Debug|Any CPU.Build.0 = Debug|Any CPU
		{324622CA-82D9-41DD-A191-177C4B81B503}.Release|Any CPU.ActiveCfg = Release|Any CPU
		{324622CA-82D9-41DD-A191-177C4B81B503}.Release|Any CPU.Build.0 = Release|Any CPU
		{790472AB-4C77-4ADD-A71D-1104AD6B9C1A}.Debug|Any CPU.ActiveCfg = Debug|Any CPU
		{790472AB-4C77-4ADD-A71D-1104AD6B9C1A}.Debug|Any CPU.Build.0 = Debug|Any CPU
		{790472AB-4C77-4ADD-A71D-1104AD6B9C1A}.Release|Any CPU.ActiveCfg = Release|Any CPU
		{790472AB-4C77-4ADD-A71D-1104AD6B9C1A}.Release|Any CPU.Build.0 = Release|Any CPU
		{00AE5CA5-6040-46FC-A861-49AABC2E8E2E}.Debug|Any CPU.ActiveCfg = Debug|Any CPU
		{00AE5CA5-6040-46FC-A861-49AABC2E8E2E}.Debug|Any CPU.Build.0 = Debug|Any CPU
		{00AE5CA5-6040-46FC-A861-49AABC2E8E2E}.Release|Any CPU.ActiveCfg = Release|Any CPU
		{00AE5CA5-6040-46FC-A861-49AABC2E8E2E}.Release|Any CPU.Build.0 = Release|Any CPU
	EndGlobalSection
EndGlobal
